
Microsoft Visual Studio Solution File, Format Version 12.00
# Visual Studio 14
VisualStudioVersion = 14.0.25420.1
MinimumVisualStudioVersion = 10.0.40219.1
Project("{8BC9CEB8-8B4A-11D0-8D11-00A0C91BC942}") = "Server", "Server\Server.vcxproj", "{009CFA9D-78EF-483E-9E25-F2BDA4F7361E}"
EndProject
Project("{8BC9CEB8-8B4A-11D0-8D11-00A0C91BC942}") = "Client", "Client\Client.vcxproj", "{57F1E612-3F4F-401F-8CE4-B4EA233EA073}"
EndProject
Global
	GlobalSection(SolutionConfigurationPlatforms) = preSolution
		Debug|x64 = Debug|x64
		Debug|x86 = Debug|x86
		Release|x64 = Release|x64
		Release|x86 = Release|x86
	EndGlobalSection
	GlobalSection(ProjectConfigurationPlatforms) = postSolution
		{009CFA9D-78EF-483E-9E25-F2BDA4F7361E}.Debug|x64.ActiveCfg = Debug|x64
		{009CFA9D-78EF-483E-9E25-F2BDA4F7361E}.Debug|x64.Build.0 = Debug|x64
		{009CFA9D-78EF-483E-9E25-F2BDA4F7361E}.Debug|x86.ActiveCfg = Debug|Win32
		{009CFA9D-78EF-483E-9E25-F2BDA4F7361E}.Debug|x86.Build.0 = Debug|Win32
		{009CFA9D-78EF-483E-9E25-F2BDA4F7361E}.Release|x64.ActiveCfg = Release|x64
		{009CFA9D-78EF-483E-9E25-F2BDA4F7361E}.Release|x64.Build.0 = Release|x64
		{009CFA9D-78EF-483E-9E25-F2BDA4F7361E}.Release|x86.ActiveCfg = Release|Win32
		{009CFA9D-78EF-483E-9E25-F2BDA4F7361E}.Release|x86.Build.0 = Release|Win32
		{57F1E612-3F4F-401F-8CE4-B4EA233EA073}.Debug|x64.ActiveCfg = Debug|x64
		{57F1E612-3F4F-401F-8CE4-B4EA233EA073}.Debug|x64.Build.0 = Debug|x64
		{57F1E612-3F4F-401F-8CE4-B4EA233EA073}.Debug|x86.ActiveCfg = Debug|Win32
		{57F1E612-3F4F-401F-8CE4-B4EA233EA073}.Debug|x86.Build.0 = Debug|Win32
		{57F1E612-3F4F-401F-8CE4-B4EA233EA073}.Release|x64.ActiveCfg = Release|x64
		{57F1E612-3F4F-401F-8CE4-B4EA233EA073}.Release|x64.Build.0 = Release|x64
		{57F1E612-3F4F-401F-8CE4-B4EA233EA073}.Release|x86.ActiveCfg = Release|Win32
		{57F1E612-3F4F-401F-8CE4-B4EA233EA073}.Release|x86.Build.0 = Release|Win32
	EndGlobalSection
	GlobalSection(SolutionProperties) = preSolution
		HideSolutionNode = FALSE
	EndGlobalSection
EndGlobal
